// !$*UTF8*$!
{
	archiveVersion = 1;
	classes = {
	};
	objectVersion = 77;
	objects = {

/* Begin PBXBuildFile section */
		A54FDD2C2D2051F3004E1875 /* VerificationView.swift in Sources */ = {isa = PBXBuildFile; fileRef = A54FDD2B2D2051EB004E1875 /* VerificationView.swift */; };
/* End PBXBuildFile section */

/* Begin PBXContainerItemProxy section */
		A54778BC2D1E7D8400C1AB9E /* PBXContainerItemProxy */ = {
			isa = PBXContainerItemProxy;
			containerPortal = A54778A32D1E7D8300C1AB9E /* Project object */;
			proxyType = 1;
			remoteGlobalIDString = A54778AA2D1E7D8300C1AB9E;
			remoteInfo = suripj;
		};
		A54778C62D1E7D8400C1AB9E /* PBXContainerItemProxy */ = {
			isa = PBXContainerItemProxy;
			containerPortal = A54778A32D1E7D8300C1AB9E /* Project object */;
			proxyType = 1;
			remoteGlobalIDString = A54778AA2D1E7D8300C1AB9E;
			remoteInfo = suripj;
		};
/* End PBXContainerItemProxy section */

/* Begin PBXFileReference section */
		A54778AB2D1E7D8300C1AB9E /* suripj.app */ = {isa = PBXFileReference; explicitFileType = wrapper.application; includeInIndex = 0; path = suripj.app; sourceTree = BUILT_PRODUCTS_DIR; };
		A54778BB2D1E7D8400C1AB9E /* suripjTests.xctest */ = {isa = PBXFileReference; explicitFileType = wrapper.cfbundle; includeInIndex = 0; path = suripjTests.xctest; sourceTree = BUILT_PRODUCTS_DIR; };
		A54778C52D1E7D8400C1AB9E /* suripjUITests.xctest */ = {isa = PBXFileReference; explicitFileType = wrapper.cfbundle; includeInIndex = 0; path = suripjUITests.xctest; sourceTree = BUILT_PRODUCTS_DIR; };
		A54FDD2B2D2051EB004E1875 /* VerificationView.swift */ = {isa = PBXFileReference; lastKnownFileType = sourcecode.swift; path = VerificationView.swift; sourceTree = "<group>"; };
/* End PBXFileReference section */

/* Begin PBXFileSystemSynchronizedRootGroup section */
		A54778AD2D1E7D8300C1AB9E /* suripj */ = {
			isa = PBXFileSystemSynchronizedRootGroup;
			path = suripj;
			sourceTree = "<group>";
		};
		A54778BE2D1E7D8400C1AB9E /* suripjTests */ = {
			isa = PBXFileSystemSynchronizedRootGroup;
			path = suripjTests;
			sourceTree = "<group>";
		};
		A54778C82D1E7D8400C1AB9E /* suripjUITests */ = {
			isa = PBXFileSystemSynchronizedRootGroup;
			path = suripjUITests;
			sourceTree = "<group>";
		};
/* End PBXFileSystemSynchronizedRootGroup section */

/* Begin PBXFrameworksBuildPhase section */
		A54778A82D1E7D8300C1AB9E /* Frameworks */ = {
			isa = PBXFrameworksBuildPhase;
			buildActionMask = 2147483647;
			files = (
			);
			runOnlyForDeploymentPostprocessing = 0;
		};
		A54778B82D1E7D8400C1AB9E /* Frameworks */ = {
			isa = PBXFrameworksBuildPhase;
			buildActionMask = 2147483647;
			files = (
			);
			runOnlyForDeploymentPostprocessing = 0;
		};
		A54778C22D1E7D8400C1AB9E /* Frameworks */ = {
			isa = PBXFrameworksBuildPhase;
			buildActionMask = 2147483647;
			files = (
			);
			runOnlyForDeploymentPostprocessing = 0;
		};
/* End PBXFrameworksBuildPhase section */

/* Begin PBXGroup section */
		A54778A22D1E7D8300C1AB9E = {
			isa = PBXGroup;
			children = (
				A54FDD2B2D2051EB004E1875 /* VerificationView.swift */,
				A54778AD2D1E7D8300C1AB9E /* suripj */,
				A54778BE2D1E7D8400C1AB9E /* suripjTests */,
				A54778C82D1E7D8400C1AB9E /* suripjUITests */,
				A54778AC2D1E7D8300C1AB9E /* Products */,
			);
			sourceTree = "<group>";
		};
		A54778AC2D1E7D8300C1AB9E /* Products */ = {
			isa = PBXGroup;
			children = (
				A54778AB2D1E7D8300C1AB9E /* suripj.app */,
				A54778BB2D1E7D8400C1AB9E /* suripjTests.xctest */,
				A54778C52D1E7D8400C1AB9E /* suripjUITests.xctest */,
			);
			name = Products;
			sourceTree = "<group>";
		};
/* End PBXGroup section */

/* Begin PBXNativeTarget section */
		A54778AA2D1E7D8300C1AB9E /* suripj */ = {
			isa = PBXNativeTarget;
			buildConfigurationList = A54778CF2D1E7D8400C1AB9E /* Build configuration list for PBXNativeTarget "suripj" */;
			buildPhases = (
				A54778A72D1E7D8300C1AB9E /* Sources */,
				A54778A82D1E7D8300C1AB9E /* Frameworks */,
				A54778A92D1E7D8300C1AB9E /* Resources */,
			);
			buildRules = (
			);
			dependencies = (
			);
			fileSystemSynchronizedGroups = (
				A54778AD2D1E7D8300C1AB9E /* suripj */,
			);
			name = suripj;
			packageProductDependencies = (
			);
			productName = suripj;
			productReference = A54778AB2D1E7D8300C1AB9E /* suripj.app */;
			productType = "com.apple.product-type.application";
		};
		A54778BA2D1E7D8400C1AB9E /* suripjTests */ = {
			isa = PBXNativeTarget;
			buildConfigurationList = A54778D22D1E7D8400C1AB9E /* Build configuration list for PBXNativeTarget "suripjTests" */;
			buildPhases = (
				A54778B72D1E7D8400C1AB9E /* Sources */,
				A54778B82D1E7D8400C1AB9E /* Frameworks */,
				A54778B92D1E7D8400C1AB9E /* Resources */,
			);
			buildRules = (
			);
			dependencies = (
				A54778BD2D1E7D8400C1AB9E /* PBXTargetDependency */,
			);
			fileSystemSynchronizedGroups = (
				A54778BE2D1E7D8400C1AB9E /* suripjTests */,
			);
			name = suripjTests;
			packageProductDependencies = (
			);
			productName = suripjTests;
			productReference = A54778BB2D1E7D8400C1AB9E /* suripjTests.xctest */;
			productType = "com.apple.product-type.bundle.unit-test";
		};
		A54778C42D1E7D8400C1AB9E /* suripjUITests */ = {
			isa = PBXNativeTarget;
			buildConfigurationList = A54778D52D1E7D8400C1AB9E /* Build configuration list for PBXNativeTarget "suripjUITests" */;
			buildPhases = (
				A54778C12D1E7D8400C1AB9E /* Sources */,
				A54778C22D1E7D8400C1AB9E /* Frameworks */,
				A54778C32D1E7D8400C1AB9E /* Resources */,
			);
			buildRules = (
			);
			dependencies = (
				A54778C72D1E7D8400C1AB9E /* PBXTargetDependency */,
			);
			fileSystemSynchronizedGroups = (
				A54778C82D1E7D8400C1AB9E /* suripjUITests */,
			);
			name = suripjUITests;
			packageProductDependencies = (
			);
			productName = suripjUITests;
			productReference = A54778C52D1E7D8400C1AB9E /* suripjUITests.xctest */;
			productType = "com.apple.product-type.bundle.ui-testing";
		};
/* End PBXNativeTarget section */

/* Begin PBXProject section */
		A54778A32D1E7D8300C1AB9E /* Project object */ = {
			isa = PBXProject;
			attributes = {
				BuildIndependentTargetsInParallel = 1;
				LastSwiftUpdateCheck = 1620;
				LastUpgradeCheck = 1620;
				TargetAttributes = {
					A54778AA2D1E7D8300C1AB9E = {
						CreatedOnToolsVersion = 16.2;
					};
					A54778BA2D1E7D8400C1AB9E = {
						CreatedOnToolsVersion = 16.2;
						TestTargetID = A54778AA2D1E7D8300C1AB9E;
					};
					A54778C42D1E7D8400C1AB9E = {
						CreatedOnToolsVersion = 16.2;
						TestTargetID = A54778AA2D1E7D8300C1AB9E;
					};
				};
			};
			buildConfigurationList = A54778A62D1E7D8300C1AB9E /* Build configuration list for PBXProject "suripj" */;
			developmentRegion = en;
			hasScannedForEncodings = 0;
			knownRegions = (
				en,
				Base,
			);
			mainGroup = A54778A22D1E7D8300C1AB9E;
			minimizedProjectReferenceProxies = 1;
			preferredProjectObjectVersion = 77;
			productRefGroup = A54778AC2D1E7D8300C1AB9E /* Products */;
			projectDirPath = "";
			projectRoot = "";
			targets = (
				A54778AA2D1E7D8300C1AB9E /* suripj */,
				A54778BA2D1E7D8400C1AB9E /* suripjTests */,
				A54778C42D1E7D8400C1AB9E /* suripjUITests */,
			);
		};
/* End PBXProject section */

/* Begin PBXResourcesBuildPhase section */
		A54778A92D1E7D8300C1AB9E /* Resources */ = {
			isa = PBXResourcesBuildPhase;
			buildActionMask = 2147483647;
			files = (
			);
			runOnlyForDeploymentPostprocessing = 0;
		};
		A54778B92D1E7D8400C1AB9E /* Resources */ = {
			isa = PBXResourcesBuildPhase;
			buildActionMask = 2147483647;
			files = (
			);
			runOnlyForDeploymentPostprocessing = 0;
		};
		A54778C32D1E7D8400C1AB9E /* Resources */ = {
			isa = PBXResourcesBuildPhase;
			buildActionMask = 2147483647;
			files = (
			);
			runOnlyForDeploymentPostprocessing = 0;
		};
/* End PBXResourcesBuildPhase section */

/* Begin PBXSourcesBuildPhase section */
		A54778A72D1E7D8300C1AB9E /* Sources */ = {
			isa = PBXSourcesBuildPhase;
			buildActionMask = 2147483647;
			files = (
				A54FDD2C2D2051F3004E1875 /* VerificationView.swift in Sources */,
			);
			runOnlyForDeploymentPostprocessing = 0;
		};
		A54778B72D1E7D8400C1AB9E /* Sources */ = {
			isa = PBXSourcesBuildPhase;
			buildActionMask = 2147483647;
			files = (
			);
			runOnlyForDeploymentPostprocessing = 0;
		};
		A54778C12D1E7D8400C1AB9E /* Sources */ = {
			isa = PBXSourcesBuildPhase;
			buildActionMask = 2147483647;
			files = (
			);
			runOnlyForDeploymentPostprocessing = 0;
		};
/* End PBXSourcesBuildPhase section */

/* Begin PBXTargetDependency section */
		A54778BD2D1E7D8400C1AB9E /* PBXTargetDependency */ = {
			isa = PBXTargetDependency;
			target = A54778AA2D1E7D8300C1AB9E /* suripj */;
			targetProxy = A54778BC2D1E7D8400C1AB9E /* PBXContainerItemProxy */;
		};
		A54778C72D1E7D8400C1AB9E /* PBXTargetDependency */ = {
			isa = PBXTargetDependency;
			target = A54778AA2D1E7D8300C1AB9E /* suripj */;
			targetProxy = A54778C62D1E7D8400C1AB9E /* PBXContainerItemProxy */;
		};
/* End PBXTargetDependency section */

/* Begin XCBuildConfiguration section */
		A54778CD2D1E7D8400C1AB9E /* Debug */ = {
			isa = XCBuildConfiguration;
			buildSettings = {
				ALWAYS_SEARCH_USER_PATHS = NO;
				ASSETCATALOG_COMPILER_GENERATE_SWIFT_ASSET_SYMBOL_EXTENSIONS = YES;
				CLANG_ANALYZER_NONNULL = YES;
				CLANG_ANALYZER_NUMBER_OBJECT_CONVERSION = YES_AGGRESSIVE;
				CLANG_CXX_LANGUAGE_STANDARD = "gnu++20";
				CLANG_ENABLE_MODULES = YES;
				CLANG_ENABLE_OBJC_ARC = YES;
				CLANG_ENABLE_OBJC_WEAK = YES;
				CLANG_WARN_BLOCK_CAPTURE_AUTORELEASING = YES;
				CLANG_WARN_BOOL_CONVERSION = YES;
				CLANG_WARN_COMMA = YES;
				CLANG_WARN_CONSTANT_CONVERSION = YES;
				CLANG_WARN_DEPRECATED_OBJC_IMPLEMENTATIONS = YES;
				CLANG_WARN_DIRECT_OBJC_ISA_USAGE = YES_ERROR;
				CLANG_WARN_DOCUMENTATION_COMMENTS = YES;
				CLANG_WARN_EMPTY_BODY = YES;
				CLANG_WARN_ENUM_CONVERSION = YES;
				CLANG_WARN_INFINITE_RECURSION = YES;
				CLANG_WARN_INT_CONVERSION = YES;
				CLANG_WARN_NON_LITERAL_NULL_CONVERSION = YES;
				CLANG_WARN_OBJC_IMPLICIT_RETAIN_SELF = YES;
				CLANG_WARN_OBJC_LITERAL_CONVERSION = YES;
				CLANG_WARN_OBJC_ROOT_CLASS = YES_ERROR;
				CLANG_WARN_QUOTED_INCLUDE_IN_FRAMEWORK_HEADER = YES;
				CLANG_WARN_RANGE_LOOP_ANALYSIS = YES;
				CLANG_WARN_STRICT_PROTOTYPES = YES;
				CLANG_WARN_SUSPICIOUS_MOVE = YES;
				CLANG_WARN_UNGUARDED_AVAILABILITY = YES_AGGRESSIVE;
				CLANG_WARN_UNREACHABLE_CODE = YES;
				CLANG_WARN__DUPLICATE_METHOD_MATCH = YES;
				COPY_PHASE_STRIP = NO;
				DEBUG_INFORMATION_FORMAT = dwarf;
				ENABLE_STRICT_OBJC_MSGSEND = YES;
				ENABLE_TESTABILITY = YES;
				ENABLE_USER_SCRIPT_SANDBOXING = YES;
				GCC_C_LANGUAGE_STANDARD = gnu17;
				GCC_DYNAMIC_NO_PIC = NO;
				GCC_NO_COMMON_BLOCKS = YES;
				GCC_OPTIMIZATION_LEVEL = 0;
				GCC_PREPROCESSOR_DEFINITIONS = (
					"DEBUG=1",
					"$(inherited)",
				);
				GCC_WARN_64_TO_32_BIT_CONVERSION = YES;
				GCC_WARN_ABOUT_RETURN_TYPE = YES_ERROR;
				GCC_WARN_UNDECLARED_SELECTOR = YES;
				GCC_WARN_UNINITIALIZED_AUTOS = YES_AGGRESSIVE;
				GCC_WARN_UNUSED_FUNCTION = YES;
				GCC_WARN_UNUSED_VARIABLE = YES;
				IPHONEOS_DEPLOYMENT_TARGET = 18.2;
				LOCALIZATION_PREFERS_STRING_CATALOGS = YES;
				MTL_ENABLE_DEBUG_INFO = INCLUDE_SOURCE;
				MTL_FAST_MATH = YES;
				ONLY_ACTIVE_ARCH = YES;
				SDKROOT = iphoneos;
				SWIFT_ACTIVE_COMPILATION_CONDITIONS = "DEBUG $(inherited)";
				SWIFT_OPTIMIZATION_LEVEL = "-Onone";
			};
			name = Debug;
		};
		A54778CE2D1E7D8400C1AB9E /* Release */ = {
			isa = XCBuildConfiguration;
			buildSettings = {
				ALWAYS_SEARCH_USER_PATHS = NO;
				ASSETCATALOG_COMPILER_GENERATE_SWIFT_ASSET_SYMBOL_EXTENSIONS = YES;
				CLANG_ANALYZER_NONNULL = YES;
				CLANG_ANALYZER_NUMBER_OBJECT_CONVERSION = YES_AGGRESSIVE;
				CLANG_CXX_LANGUAGE_STANDARD = "gnu++20";
				CLANG_ENABLE_MODULES = YES;
				CLANG_ENABLE_OBJC_ARC = YES;
				CLANG_ENABLE_OBJC_WEAK = YES;
				CLANG_WARN_BLOCK_CAPTURE_AUTORELEASING = YES;
				CLANG_WARN_BOOL_CONVERSION = YES;
				CLANG_WARN_COMMA = YES;
				CLANG_WARN_CONSTANT_CONVERSION = YES;
				CLANG_WARN_DEPRECATED_OBJC_IMPLEMENTATIONS = YES;
				CLANG_WARN_DIRECT_OBJC_ISA_USAGE = YES_ERROR;
				CLANG_WARN_DOCUMENTATION_COMMENTS = YES;
				CLANG_WARN_EMPTY_BODY = YES;
				CLANG_WARN_ENUM_CONVERSION = YES;
				CLANG_WARN_INFINITE_RECURSION = YES;
				CLANG_WARN_INT_CONVERSION = YES;
				CLANG_WARN_NON_LITERAL_NULL_CONVERSION = YES;
				CLANG_WARN_OBJC_IMPLICIT_RETAIN_SELF = YES;
				CLANG_WARN_OBJC_LITERAL_CONVERSION = YES;
				CLANG_WARN_OBJC_ROOT_CLASS = YES_ERROR;
				CLANG_WARN_QUOTED_INCLUDE_IN_FRAMEWORK_HEADER = YES;
				CLANG_WARN_RANGE_LOOP_ANALYSIS = YES;
				CLANG_WARN_STRICT_PROTOTYPES = YES;
				CLANG_WARN_SUSPICIOUS_MOVE = YES;
				CLANG_WARN_UNGUARDED_AVAILABILITY = YES_AGGRESSIVE;
				CLANG_WARN_UNREACHABLE_CODE = YES;
				CLANG_WARN__DUPLICATE_METHOD_MATCH = YES;
				COPY_PHASE_STRIP = NO;
				DEBUG_INFORMATION_FORMAT = "dwarf-with-dsym";
				ENABLE_NS_ASSERTIONS = NO;
				ENABLE_STRICT_OBJC_MSGSEND = YES;
				ENABLE_USER_SCRIPT_SANDBOXING = YES;
				GCC_C_LANGUAGE_STANDARD = gnu17;
				GCC_NO_COMMON_BLOCKS = YES;
				GCC_WARN_64_TO_32_BIT_CONVERSION = YES;
				GCC_WARN_ABOUT_RETURN_TYPE = YES_ERROR;
				GCC_WARN_UNDECLARED_SELECTOR = YES;
				GCC_WARN_UNINITIALIZED_AUTOS = YES_AGGRESSIVE;
				GCC_WARN_UNUSED_FUNCTION = YES;
				GCC_WARN_UNUSED_VARIABLE = YES;
				IPHONEOS_DEPLOYMENT_TARGET = 18.2;
				LOCALIZATION_PREFERS_STRING_CATALOGS = YES;
				MTL_ENABLE_DEBUG_INFO = NO;
				MTL_FAST_MATH = YES;
				SDKROOT = iphoneos;
				SWIFT_COMPILATION_MODE = wholemodule;
				VALIDATE_PRODUCT = YES;
			};
			name = Release;
		};
		A54778D02D1E7D8400C1AB9E /* Debug */ = {
			isa = XCBuildConfiguration;
			buildSettings = {
				ASSETCATALOG_COMPILER_APPICON_NAME = AppIcon;
				ASSETCATALOG_COMPILER_GLOBAL_ACCENT_COLOR_NAME = AccentColor;
				CODE_SIGN_STYLE = Automatic;
				CURRENT_PROJECT_VERSION = 1;
				DEVELOPMENT_ASSET_PATHS = "\"suripj/Preview Content\"";
				ENABLE_PREVIEWS = YES;
				GENERATE_INFOPLIST_FILE = YES;
				INFOPLIST_KEY_UIApplicationSceneManifest_Generation = YES;
				INFOPLIST_KEY_UIApplicationSupportsIndirectInputEvents = YES;
				INFOPLIST_KEY_UILaunchScreen_Generation = YES;
				INFOPLIST_KEY_UISupportedInterfaceOrientations_iPad = "UIInterfaceOrientationPortrait UIInterfaceOrientationPortraitUpsideDown UIInterfaceOrientationLandscapeLeft UIInterfaceOrientationLandscapeRight";
				INFOPLIST_KEY_UISupportedInterfaceOrientations_iPhone = "UIInterfaceOrientationPortrait UIInterfaceOrientationLandscapeLeft UIInterfaceOrientationLandscapeRight";
				LD_RUNPATH_SEARCH_PATHS = (
					"$(inherited)",
					"@executable_path/Frameworks",
				);
				MARKETING_VERSION = 1.0;
				PRODUCT_BUNDLE_IDENTIFIER = "-.suripj";
				PRODUCT_NAME = "$(TARGET_NAME)";
				SWIFT_EMIT_LOC_STRINGS = YES;
				SWIFT_VERSION = 5.0;
				TARGETED_DEVICE_FAMILY = "1,2";
			};
			name = Debug;
		};
		A54778D12D1E7D8400C1AB9E /* Release */ = {
			isa = XCBuildConfiguration;
			buildSettings = {
				ASSETCATALOG_COMPILER_APPICON_NAME = AppIcon;
				ASSETCATALOG_COMPILER_GLOBAL_ACCENT_COLOR_NAME = AccentColor;
				CODE_SIGN_STYLE = Automatic;
				CURRENT_PROJECT_VERSION = 1;
				DEVELOPMENT_ASSET_PATHS = "\"suripj/Preview Content\"";
				ENABLE_PREVIEWS = YES;
				GENERATE_INFOPLIST_FILE = YES;
				INFOPLIST_KEY_UIApplicationSceneManifest_Generation = YES;
				INFOPLIST_KEY_UIApplicationSupportsIndirectInputEvents = YES;
				INFOPLIST_KEY_UILaunchScreen_Generation = YES;
				INFOPLIST_KEY_UISupportedInterfaceOrientations_iPad = "UIInterfaceOrientationPortrait UIInterfaceOrientationPortraitUpsideDown UIInterfaceOrientationLandscapeLeft UIInterfaceOrientationLandscapeRight";
				INFOPLIST_KEY_UISupportedInterfaceOrientations_iPhone = "UIInterfaceOrientationPortrait UIInterfaceOrientationLandscapeLeft UIInterfaceOrientationLandscapeRight";
				LD_RUNPATH_SEARCH_PATHS = (
					"$(inherited)",
					"@executable_path/Frameworks",
				);
				MARKETING_VERSION = 1.0;
				PRODUCT_BUNDLE_IDENTIFIER = "-.suripj";
				PRODUCT_NAME = "$(TARGET_NAME)";
				SWIFT_EMIT_LOC_STRINGS = YES;
				SWIFT_VERSION = 5.0;
				TARGETED_DEVICE_FAMILY = "1,2";
			};
			name = Release;
		};
		A54778D32D1E7D8400C1AB9E /* Debug */ = {
			isa = XCBuildConfiguration;
			buildSettings = {
				BUNDLE_LOADER = "$(TEST_HOST)";
				CODE_SIGN_STYLE = Automatic;
				CURRENT_PROJECT_VERSION = 1;
				GENERATE_INFOPLIST_FILE = YES;
				IPHONEOS_DEPLOYMENT_TARGET = 18.2;
				MARKETING_VERSION = 1.0;
				PRODUCT_BUNDLE_IDENTIFIER = "-.suripjTests";
				PRODUCT_NAME = "$(TARGET_NAME)";
				SWIFT_EMIT_LOC_STRINGS = NO;
				SWIFT_VERSION = 5.0;
				TARGETED_DEVICE_FAMILY = "1,2";
				TEST_HOST = "$(BUILT_PRODUCTS_DIR)/suripj.app/$(BUNDLE_EXECUTABLE_FOLDER_PATH)/suripj";
			};
			name = Debug;
		};
		A54778D42D1E7D8400C1AB9E /* Release */ = {
			isa = XCBuildConfiguration;
			buildSettings = {
				BUNDLE_LOADER = "$(TEST_HOST)";
				CODE_SIGN_STYLE = Automatic;
				CURRENT_PROJECT_VERSION = 1;
				GENERATE_INFOPLIST_FILE = YES;
				IPHONEOS_DEPLOYMENT_TARGET = 18.2;
				MARKETING_VERSION = 1.0;
				PRODUCT_BUNDLE_IDENTIFIER = "-.suripjTests";
				PRODUCT_NAME = "$(TARGET_NAME)";
				SWIFT_EMIT_LOC_STRINGS = NO;
				SWIFT_VERSION = 5.0;
				TARGETED_DEVICE_FAMILY = "1,2";
				TEST_HOST = "$(BUILT_PRODUCTS_DIR)/suripj.app/$(BUNDLE_EXECUTABLE_FOLDER_PATH)/suripj";
			};
			name = Release;
		};
		A54778D62D1E7D8400C1AB9E /* Debug */ = {
			isa = XCBuildConfiguration;
			buildSettings = {
				CODE_SIGN_STYLE = Automatic;
				CURRENT_PROJECT_VERSION = 1;
				GENERATE_INFOPLIST_FILE = YES;
				MARKETING_VERSION = 1.0;
				PRODUCT_BUNDLE_IDENTIFIER = "-.suripjUITests";
				PRODUCT_NAME = "$(TARGET_NAME)";
				SWIFT_EMIT_LOC_STRINGS = NO;
				SWIFT_VERSION = 5.0;
				TARGETED_DEVICE_FAMILY = "1,2";
				TEST_TARGET_NAME = suripj;
			};
			name = Debug;
		};
		A54778D72D1E7D8400C1AB9E /* Release */ = {
			isa = XCBuildConfiguration;
			buildSettings = {
				CODE_SIGN_STYLE = Automatic;
				CURRENT_PROJECT_VERSION = 1;
				GENERATE_INFOPLIST_FILE = YES;
				MARKETING_VERSION = 1.0;
				PRODUCT_BUNDLE_IDENTIFIER = "-.suripjUITests";
				PRODUCT_NAME = "$(TARGET_NAME)";
				SWIFT_EMIT_LOC_STRINGS = NO;
				SWIFT_VERSION = 5.0;
				TARGETED_DEVICE_FAMILY = "1,2";
				TEST_TARGET_NAME = suripj;
			};
			name = Release;
		};
/* End XCBuildConfiguration section */

/* Begin XCConfigurationList section */
		A54778A62D1E7D8300C1AB9E /* Build configuration list for PBXProject "suripj" */ = {
			isa = XCConfigurationList;
			buildConfigurations = (
				A54778CD2D1E7D8400C1AB9E /* Debug */,
				A54778CE2D1E7D8400C1AB9E /* Release */,
			);
			defaultConfigurationIsVisible = 0;
			defaultConfigurationName = Release;
		};
		A54778CF2D1E7D8400C1AB9E /* Build configuration list for PBXNativeTarget "suripj" */ = {
			isa = XCConfigurationList;
			buildConfigurations = (
				A54778D02D1E7D8400C1AB9E /* Debug */,
				A54778D12D1E7D8400C1AB9E /* Release */,
			);
			defaultConfigurationIsVisible = 0;
			defaultConfigurationName = Release;
		};
		A54778D22D1E7D8400C1AB9E /* Build configuration list for PBXNativeTarget "suripjTests" */ = {
			isa = XCConfigurationList;
			buildConfigurations = (
				A54778D32D1E7D8400C1AB9E /* Debug */,
				A54778D42D1E7D8400C1AB9E /* Release */,
			);
			defaultConfigurationIsVisible = 0;
			defaultConfigurationName = Release;
		};
		A54778D52D1E7D8400C1AB9E /* Build configuration list for PBXNativeTarget "suripjUITests" */ = {
			isa = XCConfigurationList;
			buildConfigurations = (
				A54778D62D1E7D8400C1AB9E /* Debug */,
				A54778D72D1E7D8400C1AB9E /* Release */,
			);
			defaultConfigurationIsVisible = 0;
			defaultConfigurationName = Release;
		};
/* End XCConfigurationList section */
	};
	rootObject = A54778A32D1E7D8300C1AB9E /* Project object */;
}
